<?xml version="1.0" encoding="utf-8"?>
<Project ToolsVersion="4.0" xmlns="http://schemas.microsoft.com/developer/msbuild/2003">
  <ItemGroup>
    <Filter Include="Form Files">
      <UniqueIdentifier>{99349809-55BA-4b9d-BF79-8FDBB0286EB3}</UniqueIdentifier>
      <Extensions>ui</Extensions>
      <ParseFiles>false</ParseFiles>
    </Filter>
    <Filter Include="Form Files">
      <UniqueIdentifier>{99349809-55BA-4b9d-BF79-8FDBB0286EB3}</UniqueIdentifier>
      <Extensions>ui</Extensions>
      <ParseFiles>false</ParseFiles>
    </Filter>
    <Filter Include="Generated Files">
      <UniqueIdentifier>{71ED8ED8-ACB9-4CE9-BBE1-E00B30144E11}</UniqueIdentifier>
      <Extensions>cpp;c;cxx;moc;h;def;odl;idl;res;</Extensions>
    </Filter>
    <Filter Include="Generated Files">
      <UniqueIdentifier>{71ED8ED8-ACB9-4CE9-BBE1-E00B30144E11}</UniqueIdentifier>
      <Extensions>cpp;c;cxx;moc;h;def;odl;idl;res;</Extensions>
    </Filter>
    <Filter Include="Header Files">
      <UniqueIdentifier>{93995380-89BD-4b04-88EB-625FBE52EBFB}</UniqueIdentifier>
      <Extensions>h;hpp;hxx;hm;inl;inc;xsd</Extensions>
    </Filter>
    <Filter Include="Header Files">
      <UniqueIdentifier>{93995380-89BD-4b04-88EB-625FBE52EBFB}</UniqueIdentifier>
      <Extensions>h;hpp;hxx;hm;inl;inc;xsd</Extensions>
    </Filter>
    <Filter Include="Resource Files">
      <UniqueIdentifier>{D9D6E242-F8AF-46E4-B9FD-80ECBC20BA3E}</UniqueIdentifier>
      <Extensions>qrc;*</Extensions>
      <ParseFiles>false</ParseFiles>
    </Filter>
    <Filter Include="Resource Files">
      <UniqueIdentifier>{D9D6E242-F8AF-46E4-B9FD-80ECBC20BA3E}</UniqueIdentifier>
      <Extensions>qrc;*</Extensions>
      <ParseFiles>false</ParseFiles>
    </Filter>
    <Filter Include="Source Files">
      <UniqueIdentifier>{4FC737F1-C7A5-4376-A066-2A32D752A2FF}</UniqueIdentifier>
      <Extensions>cpp;c;cxx;def;odl;idl;hpj;bat;asm;asmx</Extensions>
    </Filter>
    <Filter Include="Source Files">
      <UniqueIdentifier>{4FC737F1-C7A5-4376-A066-2A32D752A2FF}</UniqueIdentifier>
      <Extensions>cpp;c;cxx;def;odl;idl;hpj;bat;asm;asmx</Extensions>
    </Filter>
    <Filter Include="Generated Files\Debug">
      <UniqueIdentifier>{4620854d-e07e-4148-bf44-20c93b46903a}</UniqueIdentifier>
      <Extensions>cpp;moc</Extensions>
      <SourceControlFiles>False</SourceControlFiles>
    </Filter>
    <Filter Include="Generated Files\Release">
      <UniqueIdentifier>{dbb44f3f-537e-49c5-9515-0fb48266c7bb}</UniqueIdentifier>
      <Extensions>cpp;moc</Extensions>
      <SourceControlFiles>False</SourceControlFiles>
    </Filter>
  </ItemGroup>
  <ItemGroup>
    <ClCompile Include="..\backend\dataprocessing\continuous\FFT.cpp">
      <Filter>Source Files</Filter>
    </ClCompile>
    <ClCompile Include="..\graphics\items\FFTgraphicsitem.cpp">
      <Filter>Source Files</Filter>
    </ClCompile>
    <ClCompile Include="..\widgets\ModeSlider.cpp">
      <Filter>Source Files</Filter>
    </ClCompile>
    <ClCompile Include="..\widgets\ModeWidgetAction.cpp">
      <Filter>Source Files</Filter>
    </ClCompile>
    <ClCompile Include="..\widgets\PointSizeSlider.cpp">
      <Filter>Source Files</Filter>
    </ClCompile>
    <ClCompile Include="..\widgets\PointSizeWidgetAction.cpp">
      <Filter>Source Files</Filter>
    </ClCompile>
    <ClCompile Include="..\model\ProcessQ.cpp">
      <Filter>Source Files</Filter>
    </ClCompile>
    <ClCompile Include="..\widgets\UnitSelectionAction.cpp">
      <Filter>Source Files</Filter>
    </ClCompile>
    <ClCompile Include="..\widgets\UnitsSplitter.cpp">
      <Filter>Source Files</Filter>
    </ClCompile>
    <ClCompile Include="..\backend\dataprocessing\common\Utils.cpp">
      <Filter>Source Files</Filter>
    </ClCompile>
    <ClCompile Include="..\backend\dataprocessing\common\accumulator.cpp">
      <Filter>Source Files</Filter>
    </ClCompile>
    <ClCompile Include="..\graphics\items\alignedtextitem.cpp">
      <Filter>Source Files</Filter>
    </ClCompile>
    <ClCompile Include="..\graphics\items\alignedtextslideritem.cpp">
      <Filter>Source Files</Filter>
    </ClCompile>
    <ClCompile Include="..\widgets\alignmenttoolbar.cpp">
      <Filter>Source Files</Filter>
    </ClCompile>
    <ClCompile Include="..\widgets\animatedbutton.cpp">
      <Filter>Source Files</Filter>
    </ClCompile>
    <ClCompile Include="..\widgets\arrowbutton.cpp">
      <Filter>Source Files</Filter>
    </ClCompile>
    <ClCompile Include="..\graphics\basegraphicsview.cpp">
      <Filter>Source Files</Filter>
    </ClCompile>
    <ClCompile Include="..\model\channelData.cpp">
      <Filter>Source Files</Filter>
    </ClCompile>
    <ClCompile Include="..\model\channelItem.cpp">
      <Filter>Source Files</Filter>
    </ClCompile>
    <ClCompile Include="..\model\channelconfigmodel.cpp">
      <Filter>Source Files</Filter>
    </ClCompile>
    <ClCompile Include="..\widgets\channeltableview.cpp">
      <Filter>Source Files</Filter>
    </ClCompile>
    <ClCompile Include="..\model\mapperwidgets\checkboxgroup.cpp">
      <Filter>Source Files</Filter>
    </ClCompile>
    <ClCompile Include="..\model\mapperwidgets\checkradiogroup.cpp">
      <Filter>Source Files</Filter>
    </ClCompile>
    <ClCompile Include="..\model\configmodel.cpp">
      <Filter>Source Files</Filter>
    </ClCompile>
    <ClCompile Include="..\backend\dataprocessing\continuous\continuousbase.cpp">
      <Filter>Source Files</Filter>
    </ClCompile>
    <ClCompile Include="..\graphics\items\continuousgraphicsitem.cpp">
      <Filter>Source Files</Filter>
    </ClCompile>
    <ClCompile Include="..\graphics\items\cursorshapegraphicsitem.cpp">
      <Filter>Source Files</Filter>
    </ClCompile>
    <ClCompile Include="..\backend\file\datasaver.cpp">
      <Filter>Source Files</Filter>
    </ClCompile>
    <ClCompile Include="..\backend\file\diskaccesscontroller.cpp">
      <Filter>Source Files</Filter>
    </ClCompile>
    <ClCompile Include="..\backend\dataprocessing\continuous\dspfilter.cpp">
      <Filter>Source Files</Filter>
    </ClCompile>
    <ClCompile Include="..\model\mapperwidgets\editgroup.cpp">
      <Filter>Source Files</Filter>
    </ClCompile>
    <ClCompile Include="..\widgets\editmenu.cpp">
      <Filter>Source Files</Filter>
    </ClCompile>
    <ClCompile Include="..\backend\dataprocessing\continuous\energyfilter.cpp">
      <Filter>Source Files</Filter>
    </ClCompile>
    <ClCompile Include="..\graphics\energygraphicsview.cpp">
      <Filter>Source Files</Filter>
    </ClCompile>
    <ClCompile Include="..\widgets\feature2dtoolbar.cpp">
      <Filter>Source Files</Filter>
    </ClCompile>
    <ClCompile Include="..\widgets\feature3dtoolbar.cpp">
      <Filter>Source Files</Filter>
    </ClCompile>
    <ClCompile Include="..\widgets\featurecorrelation.cpp">
      <Filter>Source Files</Filter>
    </ClCompile>
    <ClCompile Include="..\backend\dataprocessing\spike\featureextraction.cpp">
      <Filter>Source Files</Filter>
    </ClCompile>
    <ClCompile Include="..\graphics\items\featuregraphicsitem.cpp">
      <Filter>Source Files</Filter>
    </ClCompile>
    <ClCompile Include="..\graphics\featuregraphicsview.cpp">
      <Filter>Source Files</Filter>
    </ClCompile>
    <ClCompile Include="..\widgets\featurevsfeature.cpp">
      <Filter>Source Files</Filter>
    </ClCompile>
    <ClCompile Include="..\graphics\fftgraphicsview.cpp">
      <Filter>Source Files</Filter>
    </ClCompile>
    <ClCompile Include="..\backend\file\fileinterface.cpp">
      <Filter>Source Files</Filter>
    </ClCompile>
    <ClCompile Include="..\graphics\items\histogramgraphicsitem.cpp">
      <Filter>Source Files</Filter>
    </ClCompile>
    <ClCompile Include="..\backend\dataprocessing\continuous\histograms.cpp">
      <Filter>Source Files</Filter>
    </ClCompile>
    <ClCompile Include="..\graphics\items\horizontalgraphicsitem.cpp">
      <Filter>Source Files</Filter>
    </ClCompile>
    <ClCompile Include="..\graphics\items\horizontalunitsgraphicsitem.cpp">
      <Filter>Source Files</Filter>
    </ClCompile>
    <ClCompile Include="..\model\intervalData.cpp">
      <Filter>Source Files</Filter>
    </ClCompile>
    <ClCompile Include="..\backend\dataprocessing\spike\kmeans.cpp">
      <Filter>Source Files</Filter>
    </ClCompile>
    <ClCompile Include="..\ProjectFiles\main.cpp">
      <Filter>Source Files</Filter>
    </ClCompile>
    <ClCompile Include="..\ProjectFiles\mainwindow.cpp">
      <Filter>Source Files</Filter>
    </ClCompile>
    <ClCompile Include="..\graphics\items\mouseovergraphicsitem.cpp">
      <Filter>Source Files</Filter>
    </ClCompile>
    <ClCompile Include="..\widgets\multipleChoiceSlider.cpp">
      <Filter>Source Files</Filter>
    </ClCompile>
    <ClCompile Include="..\backend\dataprocessing\spike\pca.cpp">
      <Filter>Source Files</Filter>
    </ClCompile>
    <ClCompile Include="..\graphics\peakheightsgraphicsview.cpp">
      <Filter>Source Files</Filter>
    </ClCompile>
    <ClCompile Include="..\model\mapperwidgets\radiogroup.cpp">
      <Filter>Source Files</Filter>
    </ClCompile>
    <ClCompile Include="..\graphics\items\scrollbargraphicsitem.cpp">
      <Filter>Source Files</Filter>
    </ClCompile>
    <ClCompile Include="..\graphics\scrollrangegraphicsview.cpp">
      <Filter>Source Files</Filter>
    </ClCompile>
    <ClCompile Include="..\widgets\scrollrangetoolbar.cpp">
      <Filter>Source Files</Filter>
    </ClCompile>
    <ClCompile Include="..\graphics\items\signalenergygraphicsitem.cpp">
      <Filter>Source Files</Filter>
    </ClCompile>
    <ClCompile Include="..\graphics\signalenergygraphicsview.cpp">
      <Filter>Source Files</Filter>
    </ClCompile>
    <ClCompile Include="..\backend\dataprocessing\spike\sorting.cpp">
      <Filter>Source Files</Filter>
    </ClCompile>
    <ClCompile Include="..\backend\dataprocessing\spike\spikeaccumulators.cpp">
      <Filter>Source Files</Filter>
    </ClCompile>
    <ClCompile Include="..\backend\dataprocessing\spike\spikeproxymodel.cpp">
      <Filter>Source Files</Filter>
    </ClCompile>
    <ClCompile Include="..\backend\dataprocessing\spike\spikescan.cpp">
      <Filter>Source Files</Filter>
    </ClCompile>
    <ClCompile Include="..\backend\dataprocessing\spike\spikeslice.cpp">
      <Filter>Source Files</Filter>
    </ClCompile>
    <ClCompile Include="..\backend\dataprocessing\spike\tdistributionem.cpp">
      <Filter>Source Files</Filter>
    </ClCompile>
    <ClCompile Include="..\graphics\timegraphicsview.cpp">
      <Filter>Source Files</Filter>
    </ClCompile>
    <ClCompile Include="..\backend\dataprocessing\continuous\timeproxymodel.cpp">
      <Filter>Source Files</Filter>
    </ClCompile>
    <ClCompile Include="..\backend\dataprocessing\continuous\timescan.cpp">
      <Filter>Source Files</Filter>
    </ClCompile>
    <ClCompile Include="..\backend\dataprocessing\continuous\timescanaccumulator.cpp">
      <Filter>Source Files</Filter>
    </ClCompile>
    <ClCompile Include="..\backend\dataprocessing\continuous\timeslice.cpp">
      <Filter>Source Files</Filter>
    </ClCompile>
    <ClCompile Include="..\backend\dataprocessing\continuous\timesliceaccumulator.cpp">
      <Filter>Source Files</Filter>
    </ClCompile>
    <ClCompile Include="..\graphics\timewaveformgraphicsview.cpp">
      <Filter>Source Files</Filter>
    </ClCompile>
    <ClCompile Include="..\widgets\toolbarWidgetAction.cpp">
      <Filter>Source Files</Filter>
    </ClCompile>
    <ClCompile Include="..\graphics\items\tooltipgraphicsitem.cpp">
      <Filter>Source Files</Filter>
    </ClCompile>
    <ClCompile Include="..\widgets\unitSelection.cpp">
      <Filter>Source Files</Filter>
    </ClCompile>
    <ClCompile Include="..\graphics\items\unitgraphicsitem.cpp">
      <Filter>Source Files</Filter>
    </ClCompile>
    <ClCompile Include="..\graphics\unitgraphicsview.cpp">
      <Filter>Source Files</Filter>
    </ClCompile>
    <ClCompile Include="..\graphics\items\verticalgraphicsitem.cpp">
      <Filter>Source Files</Filter>
    </ClCompile>
    <ClCompile Include="..\backend\dataprocessing\spike\waveformalignment.cpp">
      <Filter>Source Files</Filter>
    </ClCompile>
    <ClCompile Include="..\graphics\waveformgraphicsview.cpp">
      <Filter>Source Files</Filter>
    </ClCompile>
    <ClCompile Include="Debug\moc_ChannelData.cpp">
      <Filter>Generated Files\Debug</Filter>
    </ClCompile>
    <ClCompile Include="Release\moc_ChannelData.cpp">
      <Filter>Generated Files\Release</Filter>
    </ClCompile>
    <ClCompile Include="Debug\moc_ModeSlider.cpp">
      <Filter>Generated Files\Debug</Filter>
    </ClCompile>
    <ClCompile Include="Release\moc_ModeSlider.cpp">
      <Filter>Generated Files\Release</Filter>
    </ClCompile>
    <ClCompile Include="Debug\moc_ModeWidgetAction.cpp">
      <Filter>Generated Files\Debug</Filter>
    </ClCompile>
    <ClCompile Include="Release\moc_ModeWidgetAction.cpp">
      <Filter>Generated Files\Release</Filter>
    </ClCompile>
    <ClCompile Include="Debug\moc_PointSizeSlider.cpp">
      <Filter>Generated Files\Debug</Filter>
    </ClCompile>
    <ClCompile Include="Release\moc_PointSizeSlider.cpp">
      <Filter>Generated Files\Release</Filter>
    </ClCompile>
    <ClCompile Include="Debug\moc_PointSizeWidgetAction.cpp">
      <Filter>Generated Files\Debug</Filter>
    </ClCompile>
    <ClCompile Include="Release\moc_PointSizeWidgetAction.cpp">
      <Filter>Generated Files\Release</Filter>
    </ClCompile>
    <ClCompile Include="Debug\moc_ProcessQ.cpp">
      <Filter>Generated Files\Debug</Filter>
    </ClCompile>
    <ClCompile Include="Release\moc_ProcessQ.cpp">
      <Filter>Generated Files\Release</Filter>
    </ClCompile>
    <ClCompile Include="Debug\moc_ScrollRangeToolBar.cpp">
      <Filter>Generated Files\Debug</Filter>
    </ClCompile>
    <ClCompile Include="Release\moc_ScrollRangeToolBar.cpp">
      <Filter>Generated Files\Release</Filter>
    </ClCompile>
    <ClCompile Include="Debug\moc_UnitSelectionAction.cpp">
      <Filter>Generated Files\Debug</Filter>
    </ClCompile>
    <ClCompile Include="Release\moc_UnitSelectionAction.cpp">
      <Filter>Generated Files\Release</Filter>
    </ClCompile>
    <ClCompile Include="Debug\moc_UnitsSplitter.cpp">
      <Filter>Generated Files\Debug</Filter>
    </ClCompile>
    <ClCompile Include="Release\moc_UnitsSplitter.cpp">
      <Filter>Generated Files\Release</Filter>
    </ClCompile>
    <ClCompile Include="Debug\moc_alignmenttoolbar.cpp">
      <Filter>Generated Files\Debug</Filter>
    </ClCompile>
    <ClCompile Include="Release\moc_alignmenttoolbar.cpp">
      <Filter>Generated Files\Release</Filter>
    </ClCompile>
    <ClCompile Include="Debug\moc_animatedbutton.cpp">
      <Filter>Generated Files\Debug</Filter>
    </ClCompile>
    <ClCompile Include="Release\moc_animatedbutton.cpp">
      <Filter>Generated Files\Release</Filter>
    </ClCompile>
    <ClCompile Include="Debug\moc_arrowbutton.cpp">
      <Filter>Generated Files\Debug</Filter>
    </ClCompile>
    <ClCompile Include="Release\moc_arrowbutton.cpp">
      <Filter>Generated Files\Release</Filter>
    </ClCompile>
    <ClCompile Include="Debug\moc_basegraphicsview.cpp">
      <Filter>Generated Files\Debug</Filter>
    </ClCompile>
    <ClCompile Include="Release\moc_basegraphicsview.cpp">
      <Filter>Generated Files\Release</Filter>
    </ClCompile>
    <ClCompile Include="Debug\moc_channelItem.cpp">
      <Filter>Generated Files\Debug</Filter>
    </ClCompile>
    <ClCompile Include="Release\moc_channelItem.cpp">
      <Filter>Generated Files\Release</Filter>
    </ClCompile>
    <ClCompile Include="Debug\moc_channelconfigmodel.cpp">
      <Filter>Generated Files\Debug</Filter>
    </ClCompile>
    <ClCompile Include="Release\moc_channelconfigmodel.cpp">
      <Filter>Generated Files\Release</Filter>
    </ClCompile>
    <ClCompile Include="Debug\moc_channeltableview.cpp">
      <Filter>Generated Files\Debug</Filter>
    </ClCompile>
    <ClCompile Include="Release\moc_channeltableview.cpp">
      <Filter>Generated Files\Release</Filter>
    </ClCompile>
    <ClCompile Include="Debug\moc_checkboxgroup.cpp">
      <Filter>Generated Files\Debug</Filter>
    </ClCompile>
    <ClCompile Include="Release\moc_checkboxgroup.cpp">
      <Filter>Generated Files\Release</Filter>
    </ClCompile>
    <ClCompile Include="Debug\moc_checkradiogroup.cpp">
      <Filter>Generated Files\Debug</Filter>
    </ClCompile>
    <ClCompile Include="Release\moc_checkradiogroup.cpp">
      <Filter>Generated Files\Release</Filter>
    </ClCompile>
    <ClCompile Include="Debug\moc_configmodel.cpp">
      <Filter>Generated Files\Debug</Filter>
    </ClCompile>
    <ClCompile Include="Release\moc_configmodel.cpp">
      <Filter>Generated Files\Release</Filter>
    </ClCompile>
    <ClCompile Include="Debug\moc_continuousbase.cpp">
      <Filter>Generated Files\Debug</Filter>
    </ClCompile>
    <ClCompile Include="Release\moc_continuousbase.cpp">
      <Filter>Generated Files\Release</Filter>
    </ClCompile>
    <ClCompile Include="Debug\moc_continuousgraphicsitem.cpp">
      <Filter>Generated Files\Debug</Filter>
    </ClCompile>
    <ClCompile Include="Release\moc_continuousgraphicsitem.cpp">
      <Filter>Generated Files\Release</Filter>
    </ClCompile>
    <ClCompile Include="Debug\moc_datasaver.cpp">
      <Filter>Generated Files\Debug</Filter>
    </ClCompile>
    <ClCompile Include="Release\moc_datasaver.cpp">
      <Filter>Generated Files\Release</Filter>
    </ClCompile>
    <ClCompile Include="Debug\moc_diskaccesscontroller.cpp">
      <Filter>Generated Files\Debug</Filter>
    </ClCompile>
    <ClCompile Include="Release\moc_diskaccesscontroller.cpp">
      <Filter>Generated Files\Release</Filter>
    </ClCompile>
    <ClCompile Include="Debug\moc_editgroup.cpp">
      <Filter>Generated Files\Debug</Filter>
    </ClCompile>
    <ClCompile Include="Release\moc_editgroup.cpp">
      <Filter>Generated Files\Release</Filter>
    </ClCompile>
    <ClCompile Include="Debug\moc_editmenu.cpp">
      <Filter>Generated Files\Debug</Filter>
    </ClCompile>
    <ClCompile Include="Release\moc_editmenu.cpp">
      <Filter>Generated Files\Release</Filter>
    </ClCompile>
    <ClCompile Include="Debug\moc_energygraphicsview.cpp">
      <Filter>Generated Files\Debug</Filter>
    </ClCompile>
    <ClCompile Include="Release\moc_energygraphicsview.cpp">
      <Filter>Generated Files\Release</Filter>
    </ClCompile>
    <ClCompile Include="Debug\moc_feature2dtoolbar.cpp">
      <Filter>Generated Files\Debug</Filter>
    </ClCompile>
    <ClCompile Include="Release\moc_feature2dtoolbar.cpp">
      <Filter>Generated Files\Release</Filter>
    </ClCompile>
    <ClCompile Include="Debug\moc_feature3dtoolbar.cpp">
      <Filter>Generated Files\Debug</Filter>
    </ClCompile>
    <ClCompile Include="Release\moc_feature3dtoolbar.cpp">
      <Filter>Generated Files\Release</Filter>
    </ClCompile>
    <ClCompile Include="Debug\moc_featurecorrelation.cpp">
      <Filter>Generated Files\Debug</Filter>
    </ClCompile>
    <ClCompile Include="Release\moc_featurecorrelation.cpp">
      <Filter>Generated Files\Release</Filter>
    </ClCompile>
    <ClCompile Include="Debug\moc_featureextraction.cpp">
      <Filter>Generated Files\Debug</Filter>
    </ClCompile>
    <ClCompile Include="Release\moc_featureextraction.cpp">
      <Filter>Generated Files\Release</Filter>
    </ClCompile>
    <ClCompile Include="Debug\moc_featuregraphicsview.cpp">
      <Filter>Generated Files\Debug</Filter>
    </ClCompile>
    <ClCompile Include="Release\moc_featuregraphicsview.cpp">
      <Filter>Generated Files\Release</Filter>
    </ClCompile>
    <ClCompile Include="Debug\moc_featurevsfeature.cpp">
      <Filter>Generated Files\Debug</Filter>
    </ClCompile>
    <ClCompile Include="Release\moc_featurevsfeature.cpp">
      <Filter>Generated Files\Release</Filter>
    </ClCompile>
    <ClCompile Include="Debug\moc_fftgraphicsview.cpp">
      <Filter>Generated Files\Debug</Filter>
    </ClCompile>
    <ClCompile Include="Release\moc_fftgraphicsview.cpp">
      <Filter>Generated Files\Release</Filter>
    </ClCompile>
    <ClCompile Include="Debug\moc_fileinterface.cpp">
      <Filter>Generated Files\Debug</Filter>
    </ClCompile>
    <ClCompile Include="Release\moc_fileinterface.cpp">
      <Filter>Generated Files\Release</Filter>
    </ClCompile>
    <ClCompile Include="Debug\moc_histogramgraphicsitem.cpp">
      <Filter>Generated Files\Debug</Filter>
    </ClCompile>
    <ClCompile Include="Release\moc_histogramgraphicsitem.cpp">
      <Filter>Generated Files\Release</Filter>
    </ClCompile>
    <ClCompile Include="Debug\moc_horizontalgraphicsitem.cpp">
      <Filter>Generated Files\Debug</Filter>
    </ClCompile>
    <ClCompile Include="Release\moc_horizontalgraphicsitem.cpp">
      <Filter>Generated Files\Release</Filter>
    </ClCompile>
    <ClCompile Include="Debug\moc_intervalData.cpp">
      <Filter>Generated Files\Debug</Filter>
    </ClCompile>
    <ClCompile Include="Release\moc_intervalData.cpp">
      <Filter>Generated Files\Release</Filter>
    </ClCompile>
    <ClCompile Include="Debug\moc_mainwindow.cpp">
      <Filter>Generated Files\Debug</Filter>
    </ClCompile>
    <ClCompile Include="Release\moc_mainwindow.cpp">
      <Filter>Generated Files\Release</Filter>
    </ClCompile>
    <ClCompile Include="Debug\moc_multipleChoiceSlider.cpp">
      <Filter>Generated Files\Debug</Filter>
    </ClCompile>
    <ClCompile Include="Release\moc_multipleChoiceSlider.cpp">
      <Filter>Generated Files\Release</Filter>
    </ClCompile>
    <ClCompile Include="Debug\moc_peakheightsgraphicsview.cpp">
      <Filter>Generated Files\Debug</Filter>
    </ClCompile>
    <ClCompile Include="Release\moc_peakheightsgraphicsview.cpp">
      <Filter>Generated Files\Release</Filter>
    </ClCompile>
    <ClCompile Include="Debug\moc_radiogroup.cpp">
      <Filter>Generated Files\Debug</Filter>
    </ClCompile>
    <ClCompile Include="Release\moc_radiogroup.cpp">
      <Filter>Generated Files\Release</Filter>
    </ClCompile>
    <ClCompile Include="Debug\moc_scrollbargraphicsitem.cpp">
      <Filter>Generated Files\Debug</Filter>
    </ClCompile>
    <ClCompile Include="Release\moc_scrollbargraphicsitem.cpp">
      <Filter>Generated Files\Release</Filter>
    </ClCompile>
    <ClCompile Include="Debug\moc_scrollrangegraphicsview.cpp">
      <Filter>Generated Files\Debug</Filter>
    </ClCompile>
    <ClCompile Include="Release\moc_scrollrangegraphicsview.cpp">
      <Filter>Generated Files\Release</Filter>
    </ClCompile>
    <ClCompile Include="Debug\moc_signalenergygraphicsitem.cpp">
      <Filter>Generated Files\Debug</Filter>
    </ClCompile>
    <ClCompile Include="Release\moc_signalenergygraphicsitem.cpp">
      <Filter>Generated Files\Release</Filter>
    </ClCompile>
    <ClCompile Include="Debug\moc_signalenergygraphicsview.cpp">
      <Filter>Generated Files\Debug</Filter>
    </ClCompile>
    <ClCompile Include="Release\moc_signalenergygraphicsview.cpp">
      <Filter>Generated Files\Release</Filter>
    </ClCompile>
    <ClCompile Include="Debug\moc_spikeproxymodel.cpp">
      <Filter>Generated Files\Debug</Filter>
    </ClCompile>
    <ClCompile Include="Release\moc_spikeproxymodel.cpp">
      <Filter>Generated Files\Release</Filter>
    </ClCompile>
    <ClCompile Include="Debug\moc_spikescan.cpp">
      <Filter>Generated Files\Debug</Filter>
    </ClCompile>
    <ClCompile Include="Release\moc_spikescan.cpp">
      <Filter>Generated Files\Release</Filter>
    </ClCompile>
    <ClCompile Include="Debug\moc_spikeslice.cpp">
      <Filter>Generated Files\Debug</Filter>
    </ClCompile>
    <ClCompile Include="Release\moc_spikeslice.cpp">
      <Filter>Generated Files\Release</Filter>
    </ClCompile>
    <ClCompile Include="Debug\moc_timegraphicsview.cpp">
      <Filter>Generated Files\Debug</Filter>
    </ClCompile>
    <ClCompile Include="Release\moc_timegraphicsview.cpp">
      <Filter>Generated Files\Release</Filter>
    </ClCompile>
    <ClCompile Include="Debug\moc_timeproxymodel.cpp">
      <Filter>Generated Files\Debug</Filter>
    </ClCompile>
    <ClCompile Include="Release\moc_timeproxymodel.cpp">
      <Filter>Generated Files\Release</Filter>
    </ClCompile>
    <ClCompile Include="Debug\moc_timescan.cpp">
      <Filter>Generated Files\Debug</Filter>
    </ClCompile>
    <ClCompile Include="Release\moc_timescan.cpp">
      <Filter>Generated Files\Release</Filter>
    </ClCompile>
    <ClCompile Include="Debug\moc_timeslice.cpp">
      <Filter>Generated Files\Debug</Filter>
    </ClCompile>
    <ClCompile Include="Release\moc_timeslice.cpp">
      <Filter>Generated Files\Release</Filter>
    </ClCompile>
    <ClCompile Include="Debug\moc_timewaveformgraphicsview.cpp">
      <Filter>Generated Files\Debug</Filter>
    </ClCompile>
    <ClCompile Include="Release\moc_timewaveformgraphicsview.cpp">
      <Filter>Generated Files\Release</Filter>
    </ClCompile>
    <ClCompile Include="Debug\moc_toolbarWidgetAction.cpp">
      <Filter>Generated Files\Debug</Filter>
    </ClCompile>
    <ClCompile Include="Release\moc_toolbarWidgetAction.cpp">
      <Filter>Generated Files\Release</Filter>
    </ClCompile>
    <ClCompile Include="Debug\moc_unitSelection.cpp">
      <Filter>Generated Files\Debug</Filter>
    </ClCompile>
    <ClCompile Include="Release\moc_unitSelection.cpp">
      <Filter>Generated Files\Release</Filter>
    </ClCompile>
    <ClCompile Include="Debug\moc_unitgraphicsview.cpp">
      <Filter>Generated Files\Debug</Filter>
    </ClCompile>
    <ClCompile Include="Release\moc_unitgraphicsview.cpp">
      <Filter>Generated Files\Release</Filter>
    </ClCompile>
    <ClCompile Include="Debug\moc_verticalgraphicsitem.cpp">
      <Filter>Generated Files\Debug</Filter>
    </ClCompile>
    <ClCompile Include="Release\moc_verticalgraphicsitem.cpp">
      <Filter>Generated Files\Release</Filter>
    </ClCompile>
    <ClCompile Include="Debug\moc_waveformgraphicsview.cpp">
      <Filter>Generated Files\Debug</Filter>
    </ClCompile>
    <ClCompile Include="Release\moc_waveformgraphicsview.cpp">
      <Filter>Generated Files\Release</Filter>
    </ClCompile>
    <ClCompile Include="Debug\moc_worker.cpp">
      <Filter>Generated Files\Debug</Filter>
    </ClCompile>
    <ClCompile Include="Release\moc_worker.cpp">
      <Filter>Generated Files\Release</Filter>
    </ClCompile>
    <ClCompile Include="GeneratedFiles\qrc_OFSResources.cpp">
      <Filter>Generated Files</Filter>
    </ClCompile>
    <ClCompile Include="release\moc_featuregraphicsitem.cpp">
      <Filter>Generated Files\Release</Filter>
    </ClCompile>
    <ClCompile Include="debug\moc_featuregraphicsitem.cpp">
      <Filter>Generated Files\Debug</Filter>
    </ClCompile>
    <ClCompile Include="Debug\moc_fileextractor.cpp">
      <Filter>Generated Files\Debug</Filter>
    </ClCompile>
    <ClCompile Include="Release\moc_fileextractor.cpp">
      <Filter>Generated Files\Release</Filter>
    </ClCompile>
    <ClCompile Include="..\backend\file\fileextractor.cpp">
      <Filter>Source Files</Filter>
    </ClCompile>
    <ClCompile Include="..\widgets\verticallabel.cpp">
      <Filter>Source Files</Filter>
    </ClCompile>
    <ClCompile Include="Debug\moc_verticallabel.cpp">
      <Filter>Generated Files\Debug</Filter>
    </ClCompile>
    <ClCompile Include="Release\moc_verticallabel.cpp">
      <Filter>Generated Files\Release</Filter>
    </ClCompile>
    <ClCompile Include="..\backend\file\fileutilities.cpp">
      <Filter>Source Files</Filter>
    </ClCompile>
    <ClCompile Include="..\backend\dataprocessing\spike\templates.cpp">
      <Filter>Source Files</Filter>
    </ClCompile>
    <ClCompile Include="..\backend\dataprocessing\spike\ManualSorting.cpp">
      <Filter>Source Files</Filter>
    </ClCompile>
    <ClCompile Include="..\model\spikedata.cpp">
      <Filter>Source Files</Filter>
    </ClCompile>
    <ClCompile Include="Debug\moc_DockWidget.cpp">
      <Filter>Generated Files\Debug</Filter>
    </ClCompile>
    <ClCompile Include="Debug\moc_DockWidgetTitleBar.cpp">
      <Filter>Generated Files\Debug</Filter>
    </ClCompile>
    <ClCompile Include="Release\moc_DockWidget.cpp">
      <Filter>Generated Files\Release</Filter>
    </ClCompile>
    <ClCompile Include="Release\moc_DockWidgetTitleBar.cpp">
      <Filter>Generated Files\Release</Filter>
    </ClCompile>
    <ClCompile Include="..\widgets\DockWidgetTitleBar.cpp">
      <Filter>Source Files</Filter>
    </ClCompile>
    <ClCompile Include="..\widgets\DockWidget.cpp">
      <Filter>Source Files</Filter>
    </ClCompile>
    <ClCompile Include="..\model\EditAction.cpp">
      <Filter>Source Files</Filter>
    </ClCompile>
    <ClCompile Include="Debug\moc_unitassignment.cpp">
      <Filter>Generated Files\Debug</Filter>
    </ClCompile>
    <ClCompile Include="Release\moc_unitassignment.cpp">
      <Filter>Generated Files\Release</Filter>
    </ClCompile>
    <ClCompile Include="..\backend\dataprocessing\common\unitassignment.cpp">
      <Filter>Source Files</Filter>
    </ClCompile>
    <ClCompile Include="..\model\EditLines.cpp">
      <Filter>Source Files</Filter>
    </ClCompile>
    <ClCompile Include="..\graphics\items\endpointgraphicsitem.cpp">
      <Filter>Source Files</Filter>
    </ClCompile>
    <ClCompile Include="..\graphics\items\segmentgraphicsitem.cpp">
      <Filter>Source Files</Filter>
    </ClCompile>
    <ClCompile Include="Debug\moc_uniteditmenu.cpp">
      <Filter>Generated Files\Debug</Filter>
    </ClCompile>
    <ClCompile Include="Release\moc_uniteditmenu.cpp">
      <Filter>Generated Files\Release</Filter>
    </ClCompile>
    <ClCompile Include="..\widgets\uniteditmenu.cpp">
      <Filter>Source Files</Filter>
    </ClCompile>
    <ClCompile Include="..\widgets\MenuItem.cpp">
      <Filter>Source Files</Filter>
    </ClCompile>
    <ClCompile Include="Debug\moc_MenuItem.cpp">
      <Filter>Generated Files\Debug</Filter>
    </ClCompile>
    <ClCompile Include="Release\moc_zoomtoolbar.cpp">
      <Filter>Generated Files\Debug</Filter>
    </ClCompile>
    <ClCompile Include="Debug\moc_zoomtoolbar.cpp">
      <Filter>Generated Files\Debug</Filter>
    </ClCompile>
    <ClCompile Include="Debug\moc_spinBoxGroup.cpp">
      <Filter>Generated Files\Debug</Filter>
    </ClCompile>
    <ClCompile Include="Release\moc_spinBoxGroup.cpp">
      <Filter>Generated Files\Release</Filter>
    </ClCompile>
    <ClCompile Include="..\model\mapperwidgets\spinBoxGroup.cpp">
      <Filter>Source Files</Filter>
    </ClCompile>
    <ClCompile Include="..\model\Proxy\channeltableproxymodel.cpp">
      <Filter>Source Files</Filter>
    </ClCompile>
    <ClCompile Include="Debug\moc_channeltableproxymodel.cpp">
      <Filter>Generated Files\Debug</Filter>
    </ClCompile>
    <ClCompile Include="Release\moc_channeltableproxymodel.cpp">
      <Filter>Generated Files\Release</Filter>
    </ClCompile>
    <ClCompile Include="Release\moc_MenuItem.cpp">
      <Filter>Generated Files\Debug</Filter>
    </ClCompile>
    <ClCompile Include="..\widgets\zoomtoolbar.cpp">
      <Filter>Source Files</Filter>
    </ClCompile>
    <ClCompile Include="..\graphics\items\waveformgraphicsitems.cpp">
      <Filter>Source Files</Filter>
    </ClCompile>
    <ClCompile Include="..\graphics\items\timewaveformgraphicsitems.cpp">
      <Filter>Source Files</Filter>
    </ClCompile>
    <ClCompile Include="Debug\moc_expandbutton.cpp">
      <Filter>Generated Files\Debug</Filter>
    </ClCompile>
    <ClCompile Include="Debug\moc_optionsdetectframe.cpp">
      <Filter>Generated Files\Debug</Filter>
    </ClCompile>
    <ClCompile Include="Debug\moc_optionssortframe.cpp">
      <Filter>Generated Files\Debug</Filter>
    </ClCompile>
    <ClCompile Include="Release\moc_expandbutton.cpp">
      <Filter>Generated Files\Debug</Filter>
    </ClCompile>
    <ClCompile Include="Release\moc_optionsdetectframe.cpp">
      <Filter>Generated Files\Debug</Filter>
    </ClCompile>
    <ClCompile Include="Release\moc_optionssortframe.cpp">
      <Filter>Generated Files\Debug</Filter>
    </ClCompile>
    <ClCompile Include="mysplasscreen.cpp">
      <Filter>Source Files</Filter>
    </ClCompile>
    <ClCompile Include="Debug\moc_mysplasscreen.cpp">
      <Filter>Generated Files\Debug</Filter>
    </ClCompile>
    <ClCompile Include="Release\moc_mysplasscreen.cpp">
      <Filter>Generated Files\Release</Filter>
    </ClCompile>
    <ClCompile Include="Debug\moc_readURL.cpp">
      <Filter>Generated Files\Debug</Filter>
    </ClCompile>
    <ClCompile Include="Release\moc_readURL.cpp">
      <Filter>Generated Files\Release</Filter>
    </ClCompile>
    <ClCompile Include="..\backend\network\readURL.cpp">
      <Filter>Source Files</Filter>
    </ClCompile>
    <ClCompile Include="Debug\moc_loadparametersdialog.cpp">
      <Filter>Generated Files\Debug</Filter>
    </ClCompile>
    <ClCompile Include="Release\moc_loadparametersdialog.cpp">
      <Filter>Generated Files\Release</Filter>
    </ClCompile>
    <ClCompile Include="Debug\moc_preferencesdialog.cpp">
      <Filter>Generated Files\Debug</Filter>
    </ClCompile>
    <ClCompile Include="Release\moc_preferencesdialog.cpp">
      <Filter>Generated Files\Release</Filter>
    </ClCompile>
    <ClCompile Include="..\widgets\loadparametersdialog.cpp">
      <Filter>Source Files</Filter>
    </ClCompile>
    <ClCompile Include="..\widgets\preferencesdialog.cpp">
      <Filter>Source Files</Filter>
    </ClCompile>
    <ClCompile Include="..\widgets\MainWidgetToolbar.cpp">
      <Filter>Source Files</Filter>
    </ClCompile>
    <ClCompile Include="..\widgets\RecentFileItem.cpp">
      <Filter>Source Files</Filter>
    </ClCompile>
    <ClCompile Include="Debug\moc_MainWidgetToolBar.cpp">
      <Filter>Generated Files\Debug</Filter>
    </ClCompile>
    <ClCompile Include="Release\moc_MainWidgetToolBar.cpp">
      <Filter>Generated Files\Release</Filter>
    </ClCompile>
    <ClCompile Include="Debug\moc_RecentFileItem.cpp">
      <Filter>Generated Files\Debug</Filter>
    </ClCompile>
    <ClCompile Include="Release\moc_RecentFileItem.cpp">
      <Filter>Generated Files\Release</Filter>
    </ClCompile>
    <ClCompile Include="..\libs\DspFilters\Bessel.cpp">
      <Filter>Source Files</Filter>
    </ClCompile>
    <ClCompile Include="..\libs\DspFilters\Biquad.cpp">
      <Filter>Source Files</Filter>
    </ClCompile>
    <ClCompile Include="..\libs\DspFilters\Butterworth.cpp">
      <Filter>Source Files</Filter>
    </ClCompile>
    <ClCompile Include="..\libs\DspFilters\Cascade.cpp">
      <Filter>Source Files</Filter>
    </ClCompile>
    <ClCompile Include="..\libs\DspFilters\ChebyshevI.cpp">
      <Filter>Source Files</Filter>
    </ClCompile>
    <ClCompile Include="..\libs\DspFilters\ChebyshevII.cpp">
      <Filter>Source Files</Filter>
    </ClCompile>
    <ClCompile Include="..\libs\DspFilters\Custom.cpp">
      <Filter>Source Files</Filter>
    </ClCompile>
    <ClCompile Include="..\libs\DspFilters\Design.cpp">
      <Filter>Source Files</Filter>
    </ClCompile>
    <ClCompile Include="..\libs\DspFilters\Documentation.cpp">
      <Filter>Source Files</Filter>
    </ClCompile>
    <ClCompile Include="..\libs\DspFilters\Elliptic.cpp">
      <Filter>Source Files</Filter>
    </ClCompile>
    <ClCompile Include="..\libs\DspFilters\Filter.cpp">
      <Filter>Source Files</Filter>
    </ClCompile>
    <ClCompile Include="..\libs\DspFilters\Legendre.cpp">
      <Filter>Source Files</Filter>
    </ClCompile>
    <ClCompile Include="..\libs\DspFilters\Param.cpp">
      <Filter>Source Files</Filter>
    </ClCompile>
    <ClCompile Include="..\libs\DspFilters\PoleFilter.cpp">
      <Filter>Source Files</Filter>
    </ClCompile>
    <ClCompile Include="..\libs\DspFilters\RBJ.cpp">
      <Filter>Source Files</Filter>
    </ClCompile>
    <ClCompile Include="..\libs\DspFilters\RootFinder.cpp">
      <Filter>Source Files</Filter>
    </ClCompile>
    <ClCompile Include="..\libs\DspFilters\State.cpp">
      <Filter>Source Files</Filter>
    </ClCompile>
    <ClCompile Include="..\widgets\optionsslider.cpp">
      <Filter>Source Files</Filter>
    </ClCompile>
    <ClCompile Include="Debug\moc_optionsslider.cpp">
      <Filter>Generated Files\Debug</Filter>
    </ClCompile>
    <ClCompile Include="Release\moc_optionsslider.cpp">
      <Filter>Generated Files\Release</Filter>
    </ClCompile>
    <ClCompile Include="Debug\moc_correlogramgraphicsview.cpp">
      <Filter>Generated Files\Debug</Filter>
    </ClCompile>
    <ClCompile Include="Debug\moc_correlograms.cpp">
      <Filter>Generated Files\Debug</Filter>
    </ClCompile>
    <ClCompile Include="Debug\moc_DockToolbar.cpp">
      <Filter>Generated Files\Debug</Filter>
    </ClCompile>
    <ClCompile Include="Release\moc_correlogramgraphicsview.cpp">
      <Filter>Generated Files\Debug</Filter>
    </ClCompile>
    <ClCompile Include="Release\moc_correlograms.cpp">
      <Filter>Generated Files\Debug</Filter>
    </ClCompile>
    <ClCompile Include="Release\moc_DockToolbar.cpp">
      <Filter>Generated Files\Debug</Filter>
    </ClCompile>
    <ClCompile Include="..\model\clusterdata.cpp">
      <Filter>Source Files</Filter>
    </ClCompile>
    <ClCompile Include="..\graphics\correlogramgraphicsview.cpp">
      <Filter>Source Files</Filter>
    </ClCompile>
    <ClCompile Include="..\widgets\correlograms.cpp">
      <Filter>Source Files</Filter>
    </ClCompile>
    <ClCompile Include="..\widgets\DockToolbar.cpp">
      <Filter>Source Files</Filter>
    </ClCompile>
    <ClCompile Include="..\widgets\expandbutton.cpp">
      <Filter>Source Files</Filter>
    </ClCompile>
    <ClCompile Include="..\widgets\optionsdetectframe.cpp">
      <Filter>Source Files</Filter>
    </ClCompile>
    <ClCompile Include="..\widgets\optionssortframe.cpp">
      <Filter>Source Files</Filter>
    </ClCompile>
    <ClCompile Include="..\widgets\BlackrockButton.cpp">
      <Filter>Source Files</Filter>
    </ClCompile>
    <ClCompile Include="Debug\moc_BlackrockButton.cpp">
      <Filter>Generated Files\Debug</Filter>
    </ClCompile>
    <ClCompile Include="Release\moc_BlackrockButton.cpp">
      <Filter>Generated Files\Release</Filter>
    </ClCompile>
    <ClCompile Include="Debug\moc_ComboWidgetAction.cpp">
      <Filter>Generated Files\Debug</Filter>
    </ClCompile>
    <ClCompile Include="Debug\moc_SpinWidgetAction.cpp">
      <Filter>Generated Files\Debug</Filter>
    </ClCompile>
    <ClCompile Include="Release\moc_ComboWidgetAction.cpp">
      <Filter>Generated Files\Debug</Filter>
    </ClCompile>
    <ClCompile Include="Release\moc_SpinWidgetAction.cpp">
      <Filter>Generated Files\Debug</Filter>
    </ClCompile>
    <ClCompile Include="Debug\moc_mergefilesdialog.cpp">
      <Filter>Generated Files\Debug</Filter>
    </ClCompile>
    <ClCompile Include="Release\moc_mergefilesdialog.cpp">
      <Filter>Generated Files\Release</Filter>
    </ClCompile>
    <ClCompile Include="Debug\moc_welcomepage.cpp">
      <Filter>Generated Files\Debug</Filter>
    </ClCompile>
    <ClCompile Include="Release\moc_welcomepage.cpp">
      <Filter>Generated Files\Release</Filter>
    </ClCompile>
    <ClCompile Include="mergefilesdialog.cpp">
      <Filter>Source Files</Filter>
    </ClCompile>
    <ClCompile Include="welcomepage.cpp">
      <Filter>Source Files</Filter>
    </ClCompile>
    <ClCompile Include="Debug\moc_savemergedfilesdialog.cpp">
      <Filter>Generated Files\Debug</Filter>
    </ClCompile>
    <ClCompile Include="Release\moc_savemergedfilesdialog.cpp">
      <Filter>Generated Files\Release</Filter>
    </ClCompile>
    <ClCompile Include="savemergedfilesdialog.cpp">
      <Filter>Source Files</Filter>
    </ClCompile>
    <ClCompile Include="Debug\moc_BatchQ.cpp">
      <Filter>Generated Files\Debug</Filter>
    </ClCompile>
    <ClCompile Include="Debug\moc_CheckBoxBlank.cpp">
      <Filter>Generated Files\Debug</Filter>
    </ClCompile>
    <ClCompile Include="Debug\moc_DoubleSpinBoxBlank.cpp">
      <Filter>Generated Files\Debug</Filter>
    </ClCompile>
    <ClCompile Include="Debug\moc_SpinBoxBlank.cpp">
      <Filter>Generated Files\Debug</Filter>
    </ClCompile>
    <ClCompile Include="Release\moc_BatchQ.cpp">
      <Filter>Generated Files\Debug</Filter>
    </ClCompile>
    <ClCompile Include="Release\moc_CheckBoxBlank.cpp">
      <Filter>Generated Files\Debug</Filter>
    </ClCompile>
    <ClCompile Include="Release\moc_DoubleSpinBoxBlank.cpp">
      <Filter>Generated Files\Debug</Filter>
    </ClCompile>
    <ClCompile Include="Release\moc_SpinBoxBlank.cpp">
      <Filter>Generated Files\Debug</Filter>
    </ClCompile>
    <ClCompile Include="..\widgets\CheckBoxBlank.cpp">
      <Filter>Source Files</Filter>
    </ClCompile>
    <ClCompile Include="..\widgets\ComboWidgetAction.cpp">
      <Filter>Source Files</Filter>
    </ClCompile>
    <ClCompile Include="..\backend\file\DataSaverIO.cpp">
      <Filter>Source Files</Filter>
    </ClCompile>
    <ClCompile Include="..\widgets\DoubleSpinBoxBlank.cpp">
      <Filter>Source Files</Filter>
    </ClCompile>
    <ClCompile Include="..\backend\file\worker.cpp">
      <Filter>Source Files</Filter>
    </ClCompile>
    <ClCompile Include="..\widgets\SpinWidgetAction.cpp">
      <Filter>Source Files</Filter>
    </ClCompile>
    <ClCompile Include="..\widgets\SpinBoxBlank.cpp">
      <Filter>Source Files</Filter>
    </ClCompile>
    <ClCompile Include="..\graphics\items\separatorsgraphicsitem.cpp">
      <Filter>Source Files</Filter>
    </ClCompile>
    <ClCompile Include="..\model\BatchQ.cpp">
      <Filter>Source Files</Filter>
    </ClCompile>
    <ClCompile Include="..\backend\file\Input\inputfileformatbase.cpp">
      <Filter>Source Files</Filter>
    </ClCompile>
    <ClCompile Include="..\backend\file\Input\inputfile.cpp">
      <Filter>Source Files</Filter>
    </ClCompile>
    <ClCompile Include="..\backend\file\Input\nevinputfile.cpp">
      <Filter>Source Files</Filter>
    </ClCompile>
    <ClCompile Include="..\backend\file\Input\nsxinputfile.cpp">
      <Filter>Source Files</Filter>
    </ClCompile>
    <ClCompile Include="..\backend\file\Output\CsvOutputFile.cpp">
      <Filter>Source Files</Filter>
    </ClCompile>
    <ClCompile Include="..\backend\file\Output\MatOutputFile.cpp">
      <Filter>Source Files</Filter>
    </ClCompile>
    <ClCompile Include="..\backend\file\Output\nevoutputfile.cpp">
      <Filter>Source Files</Filter>
    </ClCompile>
    <ClCompile Include="..\backend\file\Output\NexoutputFile.cpp">
      <Filter>Source Files</Filter>
    </ClCompile>
    <ClCompile Include="..\backend\file\Output\outputfileformatbase.cpp">
      <Filter>Source Files</Filter>
    </ClCompile>
    <ClCompile Include="..\backend\file\Input\PL2ContinuousInputFile.cpp">
      <Filter>Source Files</Filter>
    </ClCompile>
    <ClCompile Include="..\backend\file\Input\PL2SpikeInputFile.cpp">
      <Filter>Source Files</Filter>
    </ClCompile>
    <ClCompile Include="..\backend\file\Session\btree.cpp">
      <Filter>Source Files</Filter>
    </ClCompile>
    <ClCompile Include="..\backend\file\Session\cdfile.cpp">
      <Filter>Source Files</Filter>
    </ClCompile>
    <ClCompile Include="..\backend\file\Session\channelfilebase.cpp">
      <Filter>Source Files</Filter>
    </ClCompile>
    <ClCompile Include="..\backend\file\Session\sdfile.cpp">
      <Filter>Source Files</Filter>
    </ClCompile>
    <ClCompile Include="FileUI.cpp">
      <Filter>Source Files</Filter>
    </ClCompile>
    <ClCompile Include="..\backend\file\Session\evfile.cpp">
      <Filter>Source Files</Filter>
    </ClCompile>
    <ClCompile Include="Debug\moc_RootData.cpp">
      <Filter>Generated Files\Debug</Filter>
    </ClCompile>
    <ClCompile Include="Release\moc_RootData.cpp">
      <Filter>Generated Files\Release</Filter>
    </ClCompile>
    <ClCompile Include="..\model\RootData.cpp">
      <Filter>Source Files</Filter>
    </ClCompile>
    <ClCompile Include="..\backend\file\pausewrapper.cpp">
      <Filter>Source Files</Filter>
    </ClCompile>
    <ClCompile Include="Debug\moc_glwidgetpc.cpp">
      <Filter>Generated Files\Debug</Filter>
    </ClCompile>
    <ClCompile Include="Release\moc_glwidgetpc.cpp">
      <Filter>Generated Files\Release</Filter>
    </ClCompile>
    <ClCompile Include="..\widgets\glwidgetpc.cpp">
      <Filter>Source Files</Filter>
    </ClCompile>
    <ClCompile Include="Debug\moc_ProgressButton.cpp">
      <Filter>Generated Files\Debug</Filter>
    </ClCompile>
    <ClCompile Include="Release\moc_ProgressButton.cpp">
      <Filter>Generated Files\Release</Filter>
    </ClCompile>
    <ClCompile Include="..\widgets\ProgressButton.cpp">
      <Filter>Source Files</Filter>
    </ClCompile>
    <ClCompile Include="Debug\moc_ChannelToolbar.cpp">
      <Filter>Generated Files\Debug</Filter>
    </ClCompile>
    <ClCompile Include="Release\moc_ChannelToolbar.cpp">
      <Filter>Generated Files\Release</Filter>
    </ClCompile>
    <ClCompile Include="..\widgets\ChannelToolbar.cpp">
      <Filter>Source Files</Filter>
    </ClCompile>
    <ClCompile Include="..\widgets\GroupButton.cpp">
      <Filter>Source Files</Filter>
    </ClCompile>
    <ClCompile Include="Debug\moc_GroupButton.cpp">
      <Filter>Generated Files\Debug</Filter>
    </ClCompile>
    <ClCompile Include="Release\moc_GroupButton.cpp">
      <Filter>Generated Files\Release</Filter>
    </ClCompile>
    <ClCompile Include="..\model\groupdelegate.cpp">
      <Filter>Source Files</Filter>
    </ClCompile>
    <ClCompile Include="..\model\groupeditor.cpp">
      <Filter>Source Files</Filter>
    </ClCompile>
    <ClCompile Include="..\model\groupselection.cpp">
      <Filter>Source Files</Filter>
    </ClCompile>
    <ClCompile Include="Debug\moc_groupdelegate.cpp">
      <Filter>Generated Files\Debug</Filter>
    </ClCompile>
    <ClCompile Include="Release\moc_groupdelegate.cpp">
      <Filter>Generated Files\Release</Filter>
    </ClCompile>
    <ClCompile Include="Debug\moc_groupeditor.cpp">
      <Filter>Generated Files\Debug</Filter>
    </ClCompile>
    <ClCompile Include="Release\moc_groupeditor.cpp">
      <Filter>Generated Files\Release</Filter>
    </ClCompile>
  </ItemGroup>
  <ItemGroup>
    <CustomBuild Include="..\model\ChannelData.h">
      <Filter>Header Files</Filter>
    </CustomBuild>
    <ClInclude Include="..\backend\dataprocessing\continuous\FFT.h">
      <Filter>Header Files</Filter>
    </ClInclude>
    <ClInclude Include="..\graphics\items\FFTgraphicsitem.h">
      <Filter>Header Files</Filter>
    </ClInclude>
    <CustomBuild Include="..\widgets\ModeSlider.h">
      <Filter>Header Files</Filter>
    </CustomBuild>
    <CustomBuild Include="..\widgets\ModeWidgetAction.h">
      <Filter>Header Files</Filter>
    </CustomBuild>
    <CustomBuild Include="..\widgets\PointSizeSlider.h">
      <Filter>Header Files</Filter>
    </CustomBuild>
    <CustomBuild Include="..\widgets\PointSizeWidgetAction.h">
      <Filter>Header Files</Filter>
    </CustomBuild>
    <CustomBuild Include="..\model\ProcessQ.h">
      <Filter>Header Files</Filter>
    </CustomBuild>
    <CustomBuild Include="..\widgets\ScrollRangeToolBar.h">
      <Filter>Header Files</Filter>
    </CustomBuild>
    <CustomBuild Include="..\widgets\UnitSelectionAction.h">
      <Filter>Header Files</Filter>
    </CustomBuild>
    <CustomBuild Include="..\widgets\UnitsSplitter.h">
      <Filter>Header Files</Filter>
    </CustomBuild>
    <ClInclude Include="..\backend\dataprocessing\common\Utils.h">
      <Filter>Header Files</Filter>
    </ClInclude>
    <ClInclude Include="..\backend\dataprocessing\common\accumulator.h">
      <Filter>Header Files</Filter>
    </ClInclude>
    <ClInclude Include="..\graphics\items\alignedtextitem.h">
      <Filter>Header Files</Filter>
    </ClInclude>
    <ClInclude Include="..\graphics\items\alignedtextslideritem.h">
      <Filter>Header Files</Filter>
    </ClInclude>
    <CustomBuild Include="..\widgets\alignmenttoolbar.h">
      <Filter>Header Files</Filter>
    </CustomBuild>
    <CustomBuild Include="..\widgets\animatedbutton.h">
      <Filter>Header Files</Filter>
    </CustomBuild>
    <CustomBuild Include="..\widgets\arrowbutton.h">
      <Filter>Header Files</Filter>
    </CustomBuild>
    <CustomBuild Include="..\graphics\basegraphicsview.h">
      <Filter>Header Files</Filter>
    </CustomBuild>
    <CustomBuild Include="..\model\channelItem.h">
      <Filter>Header Files</Filter>
    </CustomBuild>
    <CustomBuild Include="..\model\channelconfigmodel.h">
      <Filter>Header Files</Filter>
    </CustomBuild>
    <CustomBuild Include="..\widgets\channeltableview.h">
      <Filter>Header Files</Filter>
    </CustomBuild>
    <CustomBuild Include="..\model\mapperwidgets\checkboxgroup.h">
      <Filter>Header Files</Filter>
    </CustomBuild>
    <CustomBuild Include="..\model\mapperwidgets\checkradiogroup.h">
      <Filter>Header Files</Filter>
    </CustomBuild>
    <CustomBuild Include="..\model\configmodel.h">
      <Filter>Header Files</Filter>
    </CustomBuild>
    <CustomBuild Include="..\backend\dataprocessing\continuous\continuousbase.h">
      <Filter>Header Files</Filter>
    </CustomBuild>
    <CustomBuild Include="..\graphics\items\continuousgraphicsitem.h">
      <Filter>Header Files</Filter>
    </CustomBuild>
    <ClInclude Include="..\graphics\items\cursorshapegraphicsitem.h">
      <Filter>Header Files</Filter>
    </ClInclude>
    <CustomBuild Include="..\backend\file\datasaver.h">
      <Filter>Header Files</Filter>
    </CustomBuild>
    <CustomBuild Include="..\backend\file\diskaccesscontroller.h">
      <Filter>Header Files</Filter>
    </CustomBuild>
    <ClInclude Include="..\backend\dataprocessing\continuous\dspfilter.h">
      <Filter>Header Files</Filter>
    </ClInclude>
    <CustomBuild Include="..\model\mapperwidgets\editgroup.h">
      <Filter>Header Files</Filter>
    </CustomBuild>
    <CustomBuild Include="..\widgets\editmenu.h">
      <Filter>Header Files</Filter>
    </CustomBuild>
    <ClInclude Include="..\backend\dataprocessing\continuous\energyfilter.h">
      <Filter>Header Files</Filter>
    </ClInclude>
    <CustomBuild Include="..\graphics\energygraphicsview.h">
      <Filter>Header Files</Filter>
    </CustomBuild>
    <CustomBuild Include="..\widgets\feature2dtoolbar.h">
      <Filter>Header Files</Filter>
    </CustomBuild>
    <CustomBuild Include="..\widgets\feature3dtoolbar.h">
      <Filter>Header Files</Filter>
    </CustomBuild>
    <CustomBuild Include="..\widgets\featurecorrelation.h">
      <Filter>Header Files</Filter>
    </CustomBuild>
    <CustomBuild Include="..\backend\dataprocessing\spike\featureextraction.h">
      <Filter>Header Files</Filter>
    </CustomBuild>
    <CustomBuild Include="..\graphics\featuregraphicsview.h">
      <Filter>Header Files</Filter>
    </CustomBuild>
    <CustomBuild Include="..\widgets\featurevsfeature.h">
      <Filter>Header Files</Filter>
    </CustomBuild>
    <CustomBuild Include="..\graphics\fftgraphicsview.h">
      <Filter>Header Files</Filter>
    </CustomBuild>
    <CustomBuild Include="..\backend\file\fileinterface.h">
      <Filter>Header Files</Filter>
    </CustomBuild>
    <CustomBuild Include="..\graphics\items\histogramgraphicsitem.h">
      <Filter>Header Files</Filter>
    </CustomBuild>
    <ClInclude Include="..\backend\dataprocessing\continuous\histograms.h">
      <Filter>Header Files</Filter>
    </ClInclude>
    <CustomBuild Include="..\graphics\items\horizontalgraphicsitem.h">
      <Filter>Header Files</Filter>
    </CustomBuild>
    <ClInclude Include="..\graphics\items\horizontalunitsgraphicsitem.h">
      <Filter>Header Files</Filter>
    </ClInclude>
    <CustomBuild Include="..\model\intervalData.h">
      <Filter>Header Files</Filter>
    </CustomBuild>
    <ClInclude Include="..\backend\dataprocessing\spike\kmeans.h">
      <Filter>Header Files</Filter>
    </ClInclude>
    <CustomBuild Include="..\ProjectFiles\mainwindow.h">
      <Filter>Header Files</Filter>
    </CustomBuild>
    <ClInclude Include="..\graphics\items\mouseovergraphicsitem.h">
      <Filter>Header Files</Filter>
    </ClInclude>
    <CustomBuild Include="..\widgets\multipleChoiceSlider.h">
      <Filter>Header Files</Filter>
    </CustomBuild>
    <ClInclude Include="..\backend\dataprocessing\spike\pca.h">
      <Filter>Header Files</Filter>
    </ClInclude>
    <CustomBuild Include="..\graphics\peakheightsgraphicsview.h">
      <Filter>Header Files</Filter>
    </CustomBuild>
    <CustomBuild Include="..\model\mapperwidgets\radiogroup.h">
      <Filter>Header Files</Filter>
    </CustomBuild>
    <CustomBuild Include="..\graphics\items\scrollbargraphicsitem.h">
      <Filter>Header Files</Filter>
    </CustomBuild>
    <CustomBuild Include="..\graphics\scrollrangegraphicsview.h">
      <Filter>Header Files</Filter>
    </CustomBuild>
    <CustomBuild Include="..\graphics\items\signalenergygraphicsitem.h">
      <Filter>Header Files</Filter>
    </CustomBuild>
    <CustomBuild Include="..\graphics\signalenergygraphicsview.h">
      <Filter>Header Files</Filter>
    </CustomBuild>
    <ClInclude Include="..\backend\dataprocessing\spike\sorting.h">
      <Filter>Header Files</Filter>
    </ClInclude>
    <ClInclude Include="..\backend\dataprocessing\spike\spikeaccumulators.h">
      <Filter>Header Files</Filter>
    </ClInclude>
    <CustomBuild Include="..\backend\dataprocessing\spike\spikeproxymodel.h">
      <Filter>Header Files</Filter>
    </CustomBuild>
    <CustomBuild Include="..\backend\dataprocessing\spike\spikescan.h">
      <Filter>Header Files</Filter>
    </CustomBuild>
    <CustomBuild Include="..\backend\dataprocessing\spike\spikeslice.h">
      <Filter>Header Files</Filter>
    </CustomBuild>
    <ClInclude Include="..\backend\dataprocessing\spike\tdistributionem.h">
      <Filter>Header Files</Filter>
    </ClInclude>
    <CustomBuild Include="..\graphics\timegraphicsview.h">
      <Filter>Header Files</Filter>
    </CustomBuild>
    <CustomBuild Include="..\backend\dataprocessing\continuous\timeproxymodel.h">
      <Filter>Header Files</Filter>
    </CustomBuild>
    <CustomBuild Include="..\backend\dataprocessing\continuous\timescan.h">
      <Filter>Header Files</Filter>
    </CustomBuild>
    <ClInclude Include="..\backend\dataprocessing\continuous\timescanaccumulator.h">
      <Filter>Header Files</Filter>
    </ClInclude>
    <CustomBuild Include="..\backend\dataprocessing\continuous\timeslice.h">
      <Filter>Header Files</Filter>
    </CustomBuild>
    <ClInclude Include="..\backend\dataprocessing\continuous\timesliceaccumulator.h">
      <Filter>Header Files</Filter>
    </ClInclude>
    <CustomBuild Include="..\graphics\timewaveformgraphicsview.h">
      <Filter>Header Files</Filter>
    </CustomBuild>
    <CustomBuild Include="..\widgets\toolbarWidgetAction.h">
      <Filter>Header Files</Filter>
    </CustomBuild>
    <ClInclude Include="..\graphics\items\tooltipgraphicsitem.h">
      <Filter>Header Files</Filter>
    </ClInclude>
    <CustomBuild Include="..\widgets\unitSelection.h">
      <Filter>Header Files</Filter>
    </CustomBuild>
    <ClInclude Include="..\graphics\items\unitgraphicsitem.h">
      <Filter>Header Files</Filter>
    </ClInclude>
    <CustomBuild Include="..\graphics\unitgraphicsview.h">
      <Filter>Header Files</Filter>
    </CustomBuild>
    <CustomBuild Include="..\graphics\items\verticalgraphicsitem.h">
      <Filter>Header Files</Filter>
    </CustomBuild>
    <ClInclude Include="..\backend\dataprocessing\spike\waveformalignment.h">
      <Filter>Header Files</Filter>
    </ClInclude>
    <CustomBuild Include="..\graphics\waveformgraphicsview.h">
      <Filter>Header Files</Filter>
    </CustomBuild>
    <CustomBuild Include="..\backend\file\worker.h">
      <Filter>Header Files</Filter>
    </CustomBuild>
    <ClInclude Include="GeneratedFiles\ui_mainwindow.h">
      <Filter>Generated Files</Filter>
    </ClInclude>
    <ClInclude Include="GeneratedFiles\ui_optionsslider.h">
      <Filter>Generated Files</Filter>
    </ClInclude>
    <ClInclude Include="..\backend\file\fileutilities.h">
      <Filter>Header Files</Filter>
    </ClInclude>
    <ClInclude Include="..\backend\dataprocessing\spike\templates.h">
      <Filter>Header Files</Filter>
    </ClInclude>
    <ClInclude Include="..\backend\dataprocessing\spike\ManualSorting.h">
      <Filter>Header Files</Filter>
    </ClInclude>
    <ClInclude Include="..\model\EditAction.h">
      <Filter>Header Files</Filter>
    </ClInclude>
    <ClInclude Include="..\model\spikedata.h">
      <Filter>Header Files</Filter>
    </ClInclude>
    <ClInclude Include="..\model\EditLines.h">
      <Filter>Header Files</Filter>
    </ClInclude>
    <ClInclude Include="..\graphics\items\waveformgraphicsitems.h">
      <Filter>Header Files</Filter>
    </ClInclude>
    <ClInclude Include="..\graphics\items\timewaveformgraphicsitems.h">
      <Filter>Header Files</Filter>
    </ClInclude>
    <ClInclude Include="GeneratedFiles\ui_optionsdetectframe.h">
      <Filter>Generated Files</Filter>
    </ClInclude>
    <ClInclude Include="GeneratedFiles\ui_optionssortframe.h">
      <Filter>Generated Files</Filter>
    </ClInclude>
    <ClInclude Include="AppVersion.h">
      <Filter>Header Files</Filter>
    </ClInclude>
    <ClInclude Include="GeneratedFiles\ui_loadParametersDialog.h">
      <Filter>Generated Files</Filter>
    </ClInclude>
    <ClInclude Include="GeneratedFiles\ui_preferencesdialog.h">
      <Filter>Generated Files</Filter>
    </ClInclude>
    <CustomBuild Include="..\widgets\optionsslider.h">
      <Filter>Header Files</Filter>
    </CustomBuild>
    <CustomBuild Include="..\widgets\DockToolbar.h">
      <Filter>Header Files</Filter>
    </CustomBuild>
    <CustomBuild Include="..\graphics\correlogramgraphicsview.h">
      <Filter>Header Files</Filter>
    </CustomBuild>
    <CustomBuild Include="..\widgets\correlograms.h">
      <Filter>Header Files</Filter>
    </CustomBuild>
    <CustomBuild Include="..\widgets\expandbutton.h">
      <Filter>Header Files</Filter>
    </CustomBuild>
    <CustomBuild Include="..\widgets\optionsdetectframe.h">
      <Filter>Header Files</Filter>
    </CustomBuild>
    <CustomBuild Include="..\widgets\optionssortframe.h">
      <Filter>Header Files</Filter>
    </CustomBuild>
    <CustomBuild Include="..\widgets\BlackrockButton.h">
      <Filter>Header Files</Filter>
    </CustomBuild>
    <CustomBuild Include="mergefilesdialog.ui">
      <Filter>Form Files</Filter>
    </CustomBuild>
    <CustomBuild Include="welcomepage.ui">
      <Filter>Form Files</Filter>
    </CustomBuild>
    <CustomBuild Include="mergefilesdialog.h">
      <Filter>Header Files</Filter>
    </CustomBuild>
    <CustomBuild Include="welcomepage.h">
      <Filter>Header Files</Filter>
    </CustomBuild>
    <CustomBuild Include="savemergedfilesdialog.h">
      <Filter>Header Files</Filter>
    </CustomBuild>
    <CustomBuild Include="savemergedfilesdialog.ui">
      <Filter>Form Files</Filter>
    </CustomBuild>
    <CustomBuild Include="..\widgets\CheckBoxBlank.h">
      <Filter>Header Files</Filter>
    </CustomBuild>
    <CustomBuild Include="..\model\BatchQ.h">
      <Filter>Header Files</Filter>
    </CustomBuild>
    <CustomBuild Include="..\widgets\ComboWidgetAction.h">
      <Filter>Header Files</Filter>
    </CustomBuild>
    <CustomBuild Include="..\widgets\SpinBoxBlank.h">
      <Filter>Header Files</Filter>
    </CustomBuild>
    <CustomBuild Include="..\widgets\DoubleSpinBoxBlank.h">
      <Filter>Header Files</Filter>
    </CustomBuild>
    <CustomBuild Include="..\widgets\SpinWidgetAction.h">
      <Filter>Header Files</Filter>
    </CustomBuild>
    <CustomBuild Include="..\model\RootData.h">
      <Filter>Header Files</Filter>
    </CustomBuild>
    <CustomBuild Include="..\backend\file\pausewrapper.h">
      <Filter>Header Files</Filter>
    </CustomBuild>
    <CustomBuild Include="..\widgets\glwidgetpc.h">
      <Filter>Header Files</Filter>
    </CustomBuild>
    <CustomBuild Include="..\widgets\ProgressButton.h">
      <Filter>Header Files</Filter>
    </CustomBuild>
    <CustomBuild Include="..\widgets\ChannelToolbar.h">
      <Filter>Header Files</Filter>
    </CustomBuild>
    <CustomBuild Include="..\widgets\GroupButton.h">
      <Filter>Header Files</Filter>
    </CustomBuild>
    <CustomBuild Include="..\model\groupdelegate.h">
      <Filter>Header Files</Filter>
    </CustomBuild>
    <CustomBuild Include="..\model\groupeditor.h">
      <Filter>Header Files</Filter>
    </CustomBuild>
  </ItemGroup>
  <ItemGroup>
    <CustomBuild Include="..\ProjectFiles\mainwindow.ui">
      <Filter>Form Files</Filter>
    </CustomBuild>
    <CustomBuild Include="..\graphics\items\featuregraphicsitem.h">
      <Filter>Header Files</Filter>
    </CustomBuild>
    <CustomBuild Include="..\backend\file\fileextractor.h">
      <Filter>Header Files</Filter>
    </CustomBuild>
    <CustomBuild Include="..\widgets\optionsslider.ui">
      <Filter>Form Files</Filter>
    </CustomBuild>
    <CustomBuild Include="..\widgets\verticallabel.h">
      <Filter>Header Files</Filter>
    </CustomBuild>
    <CustomBuild Include="..\widgets\DockWidgetTitleBar.h">
      <Filter>Header Files</Filter>
    </CustomBuild>
    <CustomBuild Include="..\widgets\DockWidget.h">
      <Filter>Header Files</Filter>
    </CustomBuild>
    <CustomBuild Include="..\backend\dataprocessing\common\unitassignment.h">
      <Filter>Header Files</Filter>
    </CustomBuild>
    <CustomBuild Include="..\graphics\items\endpointgraphicsitem.h">
      <Filter>Header Files</Filter>
    </CustomBuild>
    <CustomBuild Include="..\graphics\items\segmentgraphicsitem.h">
      <Filter>Header Files</Filter>
    </CustomBuild>
    <CustomBuild Include="..\widgets\uniteditmenu.h">
      <Filter>Header Files</Filter>
    </CustomBuild>
    <CustomBuild Include="..\widgets\MenuItem.h">
      <Filter>Header Files</Filter>
    </CustomBuild>
    <CustomBuild Include="..\widgets\zoomtoolbar.h">
      <Filter>Header Files</Filter>
    </CustomBuild>
    <CustomBuild Include="..\model\mapperwidgets\spinBoxGroup.h">
      <Filter>Header Files</Filter>
    </CustomBuild>
    <CustomBuild Include="..\model\Proxy\channeltableproxymodel.h">
      <Filter>Header Files</Filter>
    </CustomBuild>
    <CustomBuild Include="..\widgets\optionsdetectframe.ui">
      <Filter>Form Files</Filter>
    </CustomBuild>
    <CustomBuild Include="..\widgets\optionssortframe.ui">
      <Filter>Form Files</Filter>
    </CustomBuild>
    <CustomBuild Include="mysplasscreen.h">
      <Filter>Header Files</Filter>
    </CustomBuild>
    <CustomBuild Include="..\backend\network\readURL.h">
      <Filter>Header Files</Filter>
    </CustomBuild>
    <CustomBuild Include="..\widgets\loadParametersDialog.ui">
      <Filter>Form Files</Filter>
    </CustomBuild>
    <CustomBuild Include="..\widgets\preferencesdialog.ui">
      <Filter>Form Files</Filter>
    </CustomBuild>
    <CustomBuild Include="..\widgets\loadparametersdialog.h">
      <Filter>Header Files</Filter>
    </CustomBuild>
    <CustomBuild Include="..\widgets\preferencesdialog.h">
      <Filter>Header Files</Filter>
    </CustomBuild>
    <CustomBuild Include="..\widgets\MainWidgetToolBar.h">
      <Filter>Header Files</Filter>
    </CustomBuild>
    <CustomBuild Include="..\widgets\RecentFileItem.h">
      <Filter>Header Files</Filter>
    </CustomBuild>
  </ItemGroup>
  <ItemGroup>
    <CustomBuild Include="..\ProjectFiles\OFSResources.qrc">
      <Filter>Resource Files</Filter>
    </CustomBuild>
  </ItemGroup>
  <ItemGroup>
    <ClInclude Include="..\libs\DspFilters\Bessel.h">
      <Filter>Header Files</Filter>
    </ClInclude>
    <ClInclude Include="..\libs\DspFilters\Biquad.h">
      <Filter>Header Files</Filter>
    </ClInclude>
    <ClInclude Include="..\libs\DspFilters\Butterworth.h">
      <Filter>Header Files</Filter>
    </ClInclude>
    <ClInclude Include="..\libs\DspFilters\Cascade.h">
      <Filter>Header Files</Filter>
    </ClInclude>
    <ClInclude Include="..\libs\DspFilters\ChebyshevI.h">
      <Filter>Header Files</Filter>
    </ClInclude>
    <ClInclude Include="..\libs\DspFilters\ChebyshevII.h">
      <Filter>Header Files</Filter>
    </ClInclude>
    <ClInclude Include="..\libs\DspFilters\Common.h">
      <Filter>Header Files</Filter>
    </ClInclude>
    <ClInclude Include="..\libs\DspFilters\Custom.h">
      <Filter>Header Files</Filter>
    </ClInclude>
    <ClInclude Include="..\libs\DspFilters\Design.h">
      <Filter>Header Files</Filter>
    </ClInclude>
    <ClInclude Include="..\libs\DspFilters\Dsp.h">
      <Filter>Header Files</Filter>
    </ClInclude>
    <ClInclude Include="..\libs\DspFilters\Elliptic.h">
      <Filter>Header Files</Filter>
    </ClInclude>
    <ClInclude Include="..\libs\DspFilters\Filter.h">
      <Filter>Header Files</Filter>
    </ClInclude>
    <ClInclude Include="..\libs\DspFilters\Layout.h">
      <Filter>Header Files</Filter>
    </ClInclude>
    <ClInclude Include="..\libs\DspFilters\Legendre.h">
      <Filter>Header Files</Filter>
    </ClInclude>
    <ClInclude Include="..\libs\DspFilters\MathSupplement.h">
      <Filter>Header Files</Filter>
    </ClInclude>
    <ClInclude Include="..\libs\DspFilters\Params.h">
      <Filter>Header Files</Filter>
    </ClInclude>
    <ClInclude Include="..\libs\DspFilters\PoleFilter.h">
      <Filter>Header Files</Filter>
    </ClInclude>
    <ClInclude Include="..\libs\DspFilters\RBJ.h">
      <Filter>Header Files</Filter>
    </ClInclude>
    <ClInclude Include="..\libs\DspFilters\RootFinder.h">
      <Filter>Header Files</Filter>
    </ClInclude>
    <ClInclude Include="..\libs\DspFilters\SmoothedFilter.h">
      <Filter>Header Files</Filter>
    </ClInclude>
    <ClInclude Include="..\libs\DspFilters\State.h">
      <Filter>Header Files</Filter>
    </ClInclude>
    <ClInclude Include="..\libs\DspFilters\Types.h">
      <Filter>Header Files</Filter>
    </ClInclude>
    <ClInclude Include="..\libs\DspFilters\Utilities.h">
      <Filter>Header Files</Filter>
    </ClInclude>
    <ClInclude Include="..\backend\dataprocessing\spike\clusteringtendencyccumulator.h">
      <Filter>Header Files</Filter>
    </ClInclude>
    <ClInclude Include="..\model\clusterdata.h">
      <Filter>Header Files</Filter>
    </ClInclude>
    <ClInclude Include="GeneratedFiles\ui_mergefilesdialog.h">
      <Filter>Generated Files</Filter>
    </ClInclude>
    <ClInclude Include="GeneratedFiles\ui_welcomepage.h">
      <Filter>Generated Files</Filter>
    </ClInclude>
    <ClInclude Include="GeneratedFiles\ui_savemergedfilesdialog.h">
      <Filter>Generated Files</Filter>
    </ClInclude>
    <ClInclude Include="..\graphics\items\separatorsgraphicsitem.h">
      <Filter>Header Files</Filter>
    </ClInclude>
    <ClInclude Include="..\backend\file\DataSaverIO.h">
      <Filter>Header Files</Filter>
    </ClInclude>
    <ClInclude Include="..\backend\file\Input\inputfileformatbase.h">
      <Filter>Header Files</Filter>
    </ClInclude>
    <ClInclude Include="..\backend\file\Input\inputfile.h">
      <Filter>Header Files</Filter>
    </ClInclude>
    <ClInclude Include="..\backend\file\Input\nevinputfile.h">
      <Filter>Header Files</Filter>
    </ClInclude>
    <ClInclude Include="..\backend\file\Input\nsxinputfile.h">
      <Filter>Header Files</Filter>
    </ClInclude>
    <ClInclude Include="..\backend\file\Output\CsvOutputFile.h">
      <Filter>Header Files</Filter>
    </ClInclude>
    <ClInclude Include="..\backend\file\Output\MatOutputFile.h">
      <Filter>Header Files</Filter>
    </ClInclude>
    <ClInclude Include="..\backend\file\Output\nevoutputfile.h">
      <Filter>Header Files</Filter>
    </ClInclude>
    <ClInclude Include="..\backend\file\Output\NexoutputFile.h">
      <Filter>Header Files</Filter>
    </ClInclude>
    <ClInclude Include="..\backend\file\Output\outputfileformatbase.h">
      <Filter>Header Files</Filter>
    </ClInclude>
    <ClInclude Include="..\backend\file\nevfileformat.h">
      <Filter>Header Files</Filter>
    </ClInclude>
    <ClInclude Include="..\backend\file\Input\PL2ContinuousInputFile.h">
      <Filter>Header Files</Filter>
    </ClInclude>
    <ClInclude Include="..\backend\file\Input\PL2SpikeInputFile.h">
      <Filter>Header Files</Filter>
    </ClInclude>
    <ClInclude Include="..\backend\file\Session\btree.h">
      <Filter>Header Files</Filter>
    </ClInclude>
    <ClInclude Include="..\backend\file\Session\cdfile.h">
      <Filter>Header Files</Filter>
    </ClInclude>
    <ClInclude Include="..\backend\file\Session\channelfilebase.h">
      <Filter>Header Files</Filter>
    </ClInclude>
    <ClInclude Include="..\backend\file\Session\sdfile.h">
      <Filter>Header Files</Filter>
    </ClInclude>
    <ClInclude Include="FileUI.h">
      <Filter>Header Files</Filter>
    </ClInclude>
    <ClInclude Include="..\backend\file\Session\evfile.h">
      <Filter>Header Files</Filter>
    </ClInclude>
    <ClInclude Include="..\model\groupselection.h">
      <Filter>Header Files</Filter>
    </ClInclude>
  </ItemGroup>
  <ItemGroup>
    <ResourceCompile Include="BOSS_resource.rc">
      <Filter>Form Files</Filter>
    </ResourceCompile>
  </ItemGroup>
  <ItemGroup>
    <None Include="ClassDiagram.cd" />
  </ItemGroup>
</Project>